
Microsoft Visual Studio Solution File, Format Version 12.00
# Visual Studio Version 16
VisualStudioVersion = 16.0.30503.244
MinimumVisualStudioVersion = 10.0.40219.1
Project("{FAE04EC0-301F-11D3-BF4B-00C04F79EFBC}") = "Practica2", "Practica2\Practica2.csproj", "{8DEE7100-8108-47E9-A264-31EF420A602D}"
EndProject
Global
	GlobalSection(SolutionConfigurationPlatforms) = preSolution
		Debug|Any CPU = Debug|Any CPU
		Release|Any CPU = Release|Any CPU
	EndGlobalSection
	GlobalSection(ProjectConfigurationPlatforms) = postSolution
		{8DEE7100-8108-47E9-A264-31EF420A602D}.Debug|Any CPU.ActiveCfg = Debug|Any CPU
		{8DEE7100-8108-47E9-A264-31EF420A602D}.Debug|Any CPU.Build.0 = Debug|Any CPU
		{8DEE7100-8108-47E9-A264-31EF420A602D}.Release|Any CPU.ActiveCfg = Release|Any CPU
		{8DEE7100-8108-47E9-A264-31EF420A602D}.Release|Any CPU.Build.0 = Release|Any CPU
	EndGlobalSection
	GlobalSection(SolutionProperties) = preSolution
		HideSolutionNode = FALSE
	EndGlobalSection
	GlobalSection(ExtensibilityGlobals) = postSolution
		SolutionGuid = {9D461101-D40F-4DC0-949E-6AF93C1A9E75}
	EndGlobalSection
EndGlobal
