
Microsoft Visual Studio Solution File, Format Version 12.00
# Visual Studio Version 16
VisualStudioVersion = 16.0.30503.244
MinimumVisualStudioVersion = 10.0.40219.1
Project("{FAE04EC0-301F-11D3-BF4B-00C04F79EFBC}") = "Practica_4_teatro", "Practica_4_teatro\Practica_4_teatro.csproj", "{701298EB-D377-4A98-8A7F-9F76E68257B3}"
EndProject
Global
	GlobalSection(SolutionConfigurationPlatforms) = preSolution
		Debug|Any CPU = Debug|Any CPU
		Release|Any CPU = Release|Any CPU
	EndGlobalSection
	GlobalSection(ProjectConfigurationPlatforms) = postSolution
		{701298EB-D377-4A98-8A7F-9F76E68257B3}.Debug|Any CPU.ActiveCfg = Debug|Any CPU
		{701298EB-D377-4A98-8A7F-9F76E68257B3}.Debug|Any CPU.Build.0 = Debug|Any CPU
		{701298EB-D377-4A98-8A7F-9F76E68257B3}.Release|Any CPU.ActiveCfg = Release|Any CPU
		{701298EB-D377-4A98-8A7F-9F76E68257B3}.Release|Any CPU.Build.0 = Release|Any CPU
	EndGlobalSection
	GlobalSection(SolutionProperties) = preSolution
		HideSolutionNode = FALSE
	EndGlobalSection
	GlobalSection(ExtensibilityGlobals) = postSolution
		SolutionGuid = {E90D64DB-8BF5-4CBD-BC46-BAB6323E265D}
	EndGlobalSection
EndGlobal
